
Microsoft Visual Studio Solution File, Format Version 12.00
# Visual Studio Version 16
VisualStudioVersion = 16.0.31019.35
MinimumVisualStudioVersion = 10.0.40219.1
Project("{FAE04EC0-301F-11D3-BF4B-00C04F79EFBC}") = "IfArrayContainArray", "IfArrayContainArray\IfArrayContainArray.csproj", "{7DEC5F38-02B1-4CBC-B44A-E1D0A764E5FA}"
EndProject
Project("{2150E333-8FDC-42A3-9474-1A3956D46DE8}") = "Solution Items", "Solution Items", "{45C3B5AE-E539-4D5B-BD9A-BFAD2D656096}"
	ProjectSection(SolutionItems) = preProject
		readme.txt = readme.txt
	EndProjectSection
EndProject
Global
	GlobalSection(SolutionConfigurationPlatforms) = preSolution
		Debug|Any CPU = Debug|Any CPU
		Release|Any CPU = Release|Any CPU
	EndGlobalSection
	GlobalSection(ProjectConfigurationPlatforms) = postSolution
		{7DEC5F38-02B1-4CBC-B44A-E1D0A764E5FA}.Debug|Any CPU.ActiveCfg = Debug|Any CPU
		{7DEC5F38-02B1-4CBC-B44A-E1D0A764E5FA}.Debug|Any CPU.Build.0 = Debug|Any CPU
		{7DEC5F38-02B1-4CBC-B44A-E1D0A764E5FA}.Release|Any CPU.ActiveCfg = Release|Any CPU
		{7DEC5F38-02B1-4CBC-B44A-E1D0A764E5FA}.Release|Any CPU.Build.0 = Release|Any CPU
	EndGlobalSection
	GlobalSection(SolutionProperties) = preSolution
		HideSolutionNode = FALSE
	EndGlobalSection
	GlobalSection(ExtensibilityGlobals) = postSolution
		SolutionGuid = {8328A37A-0E16-46AA-936A-3A3D7CB4F6BE}
	EndGlobalSection
EndGlobal
